
Microsoft Visual Studio Solution File, Format Version 12.00
# Visual Studio Version 16
VisualStudioVersion = 16.0.29613.14
MinimumVisualStudioVersion = 10.0.40219.1
Project("{FAE04EC0-301F-11D3-BF4B-00C04F79EFBC}") = "QuizGame", "QuizGame\QuizGame.csproj", "{F2FA28DD-BB29-4643-A0C6-3D2F075F7DF1}"
EndProject
Global
	GlobalSection(SolutionConfigurationPlatforms) = preSolution
		Debug|Any CPU = Debug|Any CPU
		Release|Any CPU = Release|Any CPU
	EndGlobalSection
	GlobalSection(ProjectConfigurationPlatforms) = postSolution
		{F2FA28DD-BB29-4643-A0C6-3D2F075F7DF1}.Debug|Any CPU.ActiveCfg = Debug|Any CPU
		{F2FA28DD-BB29-4643-A0C6-3D2F075F7DF1}.Debug|Any CPU.Build.0 = Debug|Any CPU
		{F2FA28DD-BB29-4643-A0C6-3D2F075F7DF1}.Release|Any CPU.ActiveCfg = Release|Any CPU
		{F2FA28DD-BB29-4643-A0C6-3D2F075F7DF1}.Release|Any CPU.Build.0 = Release|Any CPU
	EndGlobalSection
	GlobalSection(SolutionProperties) = preSolution
		HideSolutionNode = FALSE
	EndGlobalSection
	GlobalSection(ExtensibilityGlobals) = postSolution
		SolutionGuid = {87FA078F-054A-40C4-892D-7CA7E2022475}
	EndGlobalSection
EndGlobal
